
Microsoft Visual Studio Solution File, Format Version 12.00
# Visual Studio Version 16
VisualStudioVersion = 16.0.31624.102
MinimumVisualStudioVersion = 10.0.40219.1
Project("{FAE04EC0-301F-11D3-BF4B-00C04F79EFBC}") = "PracticaVariant", "PracticaVariant.csproj", "{9DFDBE2D-40D3-4A56-A208-B6DE290DC1A5}"
EndProject
Global
	GlobalSection(SolutionConfigurationPlatforms) = preSolution
		Debug|Any CPU = Debug|Any CPU
		Release|Any CPU = Release|Any CPU
	EndGlobalSection
	GlobalSection(ProjectConfigurationPlatforms) = postSolution
		{9DFDBE2D-40D3-4A56-A208-B6DE290DC1A5}.Debug|Any CPU.ActiveCfg = Debug|Any CPU
		{9DFDBE2D-40D3-4A56-A208-B6DE290DC1A5}.Debug|Any CPU.Build.0 = Debug|Any CPU
		{9DFDBE2D-40D3-4A56-A208-B6DE290DC1A5}.Release|Any CPU.ActiveCfg = Release|Any CPU
		{9DFDBE2D-40D3-4A56-A208-B6DE290DC1A5}.Release|Any CPU.Build.0 = Release|Any CPU
	EndGlobalSection
	GlobalSection(SolutionProperties) = preSolution
		HideSolutionNode = FALSE
	EndGlobalSection
	GlobalSection(ExtensibilityGlobals) = postSolution
		SolutionGuid = {08EB6494-D656-4D43-B526-F9B056DD3FCF}
	EndGlobalSection
EndGlobal
